
Microsoft Visual Studio Solution File, Format Version 12.00
# Visual Studio Version 16
VisualStudioVersion = 16.0.29230.47
MinimumVisualStudioVersion = 10.0.40219.1
Project("{8BC9CEB8-8B4A-11D0-8D11-00A0C91BC942}") = "Tic Tac Toe", "Tic Tac Toe\Tic Tac Toe.vcxproj", "{0091A60A-4416-4A2C-B633-4743A675E680}"
EndProject
Global
	GlobalSection(SolutionConfigurationPlatforms) = preSolution
		Debug|x64 = Debug|x64
		Debug|x86 = Debug|x86
		Release|x64 = Release|x64
		Release|x86 = Release|x86
	EndGlobalSection
	GlobalSection(ProjectConfigurationPlatforms) = postSolution
		{0091A60A-4416-4A2C-B633-4743A675E680}.Debug|x64.ActiveCfg = Debug|x64
		{0091A60A-4416-4A2C-B633-4743A675E680}.Debug|x64.Build.0 = Debug|x64
		{0091A60A-4416-4A2C-B633-4743A675E680}.Debug|x86.ActiveCfg = Debug|Win32
		{0091A60A-4416-4A2C-B633-4743A675E680}.Debug|x86.Build.0 = Debug|Win32
		{0091A60A-4416-4A2C-B633-4743A675E680}.Release|x64.ActiveCfg = Release|x64
		{0091A60A-4416-4A2C-B633-4743A675E680}.Release|x64.Build.0 = Release|x64
		{0091A60A-4416-4A2C-B633-4743A675E680}.Release|x86.ActiveCfg = Release|Win32
		{0091A60A-4416-4A2C-B633-4743A675E680}.Release|x86.Build.0 = Release|Win32
	EndGlobalSection
	GlobalSection(SolutionProperties) = preSolution
		HideSolutionNode = FALSE
	EndGlobalSection
	GlobalSection(ExtensibilityGlobals) = postSolution
		SolutionGuid = {C277EF49-FFC6-47C9-BDB6-CBA3883EC3A8}
	EndGlobalSection
EndGlobal
